
Microsoft Visual Studio Solution File, Format Version 12.00
# Visual Studio 14
VisualStudioVersion = 14.0.25420.1
MinimumVisualStudioVersion = 10.0.40219.1
Project("{FAE04EC0-301F-11D3-BF4B-00C04F79EFBC}") = "KomeTube", "KomeTube\KomeTube.csproj", "{B54C4BFA-194A-4B71-90C4-63E8ADB436CD}"
EndProject
Global
	GlobalSection(SolutionConfigurationPlatforms) = preSolution
		Debug|Any CPU = Debug|Any CPU
		Release|Any CPU = Release|Any CPU
	EndGlobalSection
	GlobalSection(ProjectConfigurationPlatforms) = postSolution
		{B54C4BFA-194A-4B71-90C4-63E8ADB436CD}.Debug|Any CPU.ActiveCfg = Debug|Any CPU
		{B54C4BFA-194A-4B71-90C4-63E8ADB436CD}.Debug|Any CPU.Build.0 = Debug|Any CPU
		{B54C4BFA-194A-4B71-90C4-63E8ADB436CD}.Release|Any CPU.ActiveCfg = Release|Any CPU
		{B54C4BFA-194A-4B71-90C4-63E8ADB436CD}.Release|Any CPU.Build.0 = Release|Any CPU
	EndGlobalSection
	GlobalSection(SolutionProperties) = preSolution
		HideSolutionNode = FALSE
	EndGlobalSection
EndGlobal
